
Microsoft Visual Studio Solution File, Format Version 12.00
Project("{FAE04EC0-301F-11D3-BF4B-00C04F79EFBC}") = "AdventOfCode2024.Tests", "AdventOfCode2024.Tests\AdventOfCode2024.Tests.csproj", "{39C68540-68D2-411D-80DD-8D15E4787341}"
EndProject
Project("{FAE04EC0-301F-11D3-BF4B-00C04F79EFBC}") = "AdventOfCode2024", "AdventOfCode2024\AdventOfCode2024.csproj", "{0B193097-DDF5-42C9-A44B-CAF6D9E43CB1}"
EndProject
Global
	GlobalSection(SolutionConfigurationPlatforms) = preSolution
		Debug|Any CPU = Debug|Any CPU
		Release|Any CPU = Release|Any CPU
	EndGlobalSection
	GlobalSection(ProjectConfigurationPlatforms) = postSolution
		{39C68540-68D2-411D-80DD-8D15E4787341}.Debug|Any CPU.ActiveCfg = Debug|Any CPU
		{39C68540-68D2-411D-80DD-8D15E4787341}.Debug|Any CPU.Build.0 = Debug|Any CPU
		{39C68540-68D2-411D-80DD-8D15E4787341}.Release|Any CPU.ActiveCfg = Release|Any CPU
		{39C68540-68D2-411D-80DD-8D15E4787341}.Release|Any CPU.Build.0 = Release|Any CPU
		{0B193097-DDF5-42C9-A44B-CAF6D9E43CB1}.Debug|Any CPU.ActiveCfg = Debug|Any CPU
		{0B193097-DDF5-42C9-A44B-CAF6D9E43CB1}.Debug|Any CPU.Build.0 = Debug|Any CPU
		{0B193097-DDF5-42C9-A44B-CAF6D9E43CB1}.Release|Any CPU.ActiveCfg = Release|Any CPU
		{0B193097-DDF5-42C9-A44B-CAF6D9E43CB1}.Release|Any CPU.Build.0 = Release|Any CPU
	EndGlobalSection
EndGlobal
